
Microsoft Visual Studio Solution File, Format Version 12.00
# Visual Studio Version 16
VisualStudioVersion = 16.0.31702.278
MinimumVisualStudioVersion = 10.0.40219.1
Project("{9092AA53-FB77-4645-B42D-1CCCA6BD08BD}") = "NewNodeJSProject", "NewNodeJSProject.njsproj", "{EAB23BCC-5409-41D8-8FEC-AF3975670DEC}"
EndProject
Global
	GlobalSection(SolutionConfigurationPlatforms) = preSolution
		Debug|Any CPU = Debug|Any CPU
		Release|Any CPU = Release|Any CPU
	EndGlobalSection
	GlobalSection(ProjectConfigurationPlatforms) = postSolution
		{EAB23BCC-5409-41D8-8FEC-AF3975670DEC}.Debug|Any CPU.ActiveCfg = Debug|Any CPU
		{EAB23BCC-5409-41D8-8FEC-AF3975670DEC}.Debug|Any CPU.Build.0 = Debug|Any CPU
		{EAB23BCC-5409-41D8-8FEC-AF3975670DEC}.Release|Any CPU.ActiveCfg = Release|Any CPU
		{EAB23BCC-5409-41D8-8FEC-AF3975670DEC}.Release|Any CPU.Build.0 = Release|Any CPU
	EndGlobalSection
	GlobalSection(SolutionProperties) = preSolution
		HideSolutionNode = FALSE
	EndGlobalSection
	GlobalSection(ExtensibilityGlobals) = postSolution
		SolutionGuid = {08928205-27DD-48DA-9F50-E58280FF02C8}
	EndGlobalSection
EndGlobal
